
Microsoft Visual Studio Solution File, Format Version 12.00
# Visual Studio Version 16
VisualStudioVersion = 25.0.1704.2
MinimumVisualStudioVersion = 10.0.40219.1
Project("{FAE04EC0-301F-11D3-BF4B-00C04F79EFBC}") = "Main", "Main\Main.csproj", "{61F2736D-5B6D-41FF-A6B8-8513B23AF633}"
EndProject
Project("{FAE04EC0-301F-11D3-BF4B-00C04F79EFBC}") = "Domain", "Domain\Domain.csproj", "{5156834D-EAE4-48FA-BD09-96F234E504D9}"
EndProject
Global
	GlobalSection(SolutionConfigurationPlatforms) = preSolution
		Debug|Any CPU = Debug|Any CPU
		Release|Any CPU = Release|Any CPU
	EndGlobalSection
	GlobalSection(ProjectConfigurationPlatforms) = postSolution
		{61F2736D-5B6D-41FF-A6B8-8513B23AF633}.Debug|Any CPU.ActiveCfg = Debug|Any CPU
		{61F2736D-5B6D-41FF-A6B8-8513B23AF633}.Debug|Any CPU.Build.0 = Debug|Any CPU
		{61F2736D-5B6D-41FF-A6B8-8513B23AF633}.Release|Any CPU.ActiveCfg = Release|Any CPU
		{61F2736D-5B6D-41FF-A6B8-8513B23AF633}.Release|Any CPU.Build.0 = Release|Any CPU
		{5156834D-EAE4-48FA-BD09-96F234E504D9}.Debug|Any CPU.ActiveCfg = Debug|Any CPU
		{5156834D-EAE4-48FA-BD09-96F234E504D9}.Debug|Any CPU.Build.0 = Debug|Any CPU
		{5156834D-EAE4-48FA-BD09-96F234E504D9}.Release|Any CPU.ActiveCfg = Release|Any CPU
		{5156834D-EAE4-48FA-BD09-96F234E504D9}.Release|Any CPU.Build.0 = Release|Any CPU
	EndGlobalSection
	GlobalSection(SolutionProperties) = preSolution
		HideSolutionNode = FALSE
	EndGlobalSection
	GlobalSection(ExtensibilityGlobals) = postSolution
		SolutionGuid = {44F51D4C-DDBC-4884-8928-951882F02F6D}
	EndGlobalSection
EndGlobal
